
Microsoft Visual Studio Solution File, Format Version 12.00
# Visual Studio Version 17
VisualStudioVersion = 17.3.32819.101
MinimumVisualStudioVersion = 10.0.40219.1
Project("{FAE04EC0-301F-11D3-BF4B-00C04F79EFBC}") = "ListPeoplePost.Web", "ListPeoplePost.Web\ListPeoplePost.Web.csproj", "{D15B7DDA-30EA-4CD1-BDFB-C12DB27680A5}"
EndProject
Project("{FAE04EC0-301F-11D3-BF4B-00C04F79EFBC}") = "ListPeoplePost.Data", "ListPeoplePost.Data\ListPeoplePost.Data.csproj", "{BAF65CBE-1B57-4A71-AFDD-4AAD310996D8}"
EndProject
Global
	GlobalSection(SolutionConfigurationPlatforms) = preSolution
		Debug|Any CPU = Debug|Any CPU
		Release|Any CPU = Release|Any CPU
	EndGlobalSection
	GlobalSection(ProjectConfigurationPlatforms) = postSolution
		{D15B7DDA-30EA-4CD1-BDFB-C12DB27680A5}.Debug|Any CPU.ActiveCfg = Debug|Any CPU
		{D15B7DDA-30EA-4CD1-BDFB-C12DB27680A5}.Debug|Any CPU.Build.0 = Debug|Any CPU
		{D15B7DDA-30EA-4CD1-BDFB-C12DB27680A5}.Release|Any CPU.ActiveCfg = Release|Any CPU
		{D15B7DDA-30EA-4CD1-BDFB-C12DB27680A5}.Release|Any CPU.Build.0 = Release|Any CPU
		{BAF65CBE-1B57-4A71-AFDD-4AAD310996D8}.Debug|Any CPU.ActiveCfg = Debug|Any CPU
		{BAF65CBE-1B57-4A71-AFDD-4AAD310996D8}.Debug|Any CPU.Build.0 = Debug|Any CPU
		{BAF65CBE-1B57-4A71-AFDD-4AAD310996D8}.Release|Any CPU.ActiveCfg = Release|Any CPU
		{BAF65CBE-1B57-4A71-AFDD-4AAD310996D8}.Release|Any CPU.Build.0 = Release|Any CPU
	EndGlobalSection
	GlobalSection(SolutionProperties) = preSolution
		HideSolutionNode = FALSE
	EndGlobalSection
	GlobalSection(ExtensibilityGlobals) = postSolution
		SolutionGuid = {26847AD5-51BB-43BB-9FB6-ABECD5582788}
	EndGlobalSection
EndGlobal
